
Microsoft Visual Studio Solution File, Format Version 12.00
# Visual Studio Version 17
VisualStudioVersion = 17.4.33110.190
MinimumVisualStudioVersion = 10.0.40219.1
Project("{9A19103F-16F7-4668-BE54-9A1E7A4F7556}") = "Championship-Internal-Front", "Championship-Internal-Front.csproj", "{CC7D74B1-5043-46E1-B9DA-F1FFAA5AC01E}"
EndProject
Global
	GlobalSection(SolutionConfigurationPlatforms) = preSolution
		Debug|Any CPU = Debug|Any CPU
		Release|Any CPU = Release|Any CPU
	EndGlobalSection
	GlobalSection(ProjectConfigurationPlatforms) = postSolution
		{CC7D74B1-5043-46E1-B9DA-F1FFAA5AC01E}.Debug|Any CPU.ActiveCfg = Debug|Any CPU
		{CC7D74B1-5043-46E1-B9DA-F1FFAA5AC01E}.Debug|Any CPU.Build.0 = Debug|Any CPU
		{CC7D74B1-5043-46E1-B9DA-F1FFAA5AC01E}.Release|Any CPU.ActiveCfg = Release|Any CPU
		{CC7D74B1-5043-46E1-B9DA-F1FFAA5AC01E}.Release|Any CPU.Build.0 = Release|Any CPU
	EndGlobalSection
	GlobalSection(SolutionProperties) = preSolution
		HideSolutionNode = FALSE
	EndGlobalSection
	GlobalSection(ExtensibilityGlobals) = postSolution
		SolutionGuid = {8722ADA7-F8FB-4670-9801-501EFBD1AD21}
	EndGlobalSection
EndGlobal
